{
  "name": "skillz-arena-sample",
  "version": "0.1.0",
  "lockfileVersion": 3,
  "requires": true,
  "packages": {
    "": {
      "name": "skillz-arena-sample",
      "version": "0.1.0",
      "license": "UNLICENSED",
      "dependencies": {
        "@beamable/sdk": "1.2.1"
      }
    },
    "node_modules/@beamable/sdk": {
      "version": "1.2.1",
      "resolved": "https://registry.npmjs.org/@beamable/sdk/-/sdk-1.2.1.tgz",
      "integrity": "sha512-wFwpjT0dNdAMlMHyfLyjAbgqGQsoktImbXKqmvWi8MIsBkbuPMhuf+WqkLbajFcaMkdwp7jdNL5NkMpgW8vbjQ==",
      "license": "MIT",
      "engines": {
        "node": ">=22.14.0"
      }
    }
  }
}
